
Microsoft Visual Studio Solution File, Format Version 11.00
# Visual Studio 2010
Project("{FAE04EC0-301F-11D3-BF4B-00C04F79EFBC}") = "DisasSurvivApp", "DisasSurvivApp.csproj", "{B15C688A-B60D-4053-A0B7-D5E1BED7288C}"
EndProject
Project("{2150E333-8FDC-42A3-9474-1A3956D46DE8}") = "Solution Items", "Solution Items", "{EF77D2A2-2B36-4DF3-9F12-091C87DF39E2}"
	ProjectSection(SolutionItems) = preProject
		DisasRecovApp.vsd = DisasRecovApp.vsd
		DisasSurvivApp.vsd = DisasSurvivApp.vsd
	EndProjectSection
EndProject
Global
	GlobalSection(SolutionConfigurationPlatforms) = preSolution
		Debug|Any CPU = Debug|Any CPU
		Release|Any CPU = Release|Any CPU
	EndGlobalSection
	GlobalSection(ProjectConfigurationPlatforms) = postSolution
		{B15C688A-B60D-4053-A0B7-D5E1BED7288C}.Debug|Any CPU.ActiveCfg = Debug|Any CPU
		{B15C688A-B60D-4053-A0B7-D5E1BED7288C}.Debug|Any CPU.Build.0 = Debug|Any CPU
		{B15C688A-B60D-4053-A0B7-D5E1BED7288C}.Debug|Any CPU.Deploy.0 = Debug|Any CPU
		{B15C688A-B60D-4053-A0B7-D5E1BED7288C}.Release|Any CPU.ActiveCfg = Release|Any CPU
		{B15C688A-B60D-4053-A0B7-D5E1BED7288C}.Release|Any CPU.Build.0 = Release|Any CPU
		{B15C688A-B60D-4053-A0B7-D5E1BED7288C}.Release|Any CPU.Deploy.0 = Release|Any CPU
	EndGlobalSection
	GlobalSection(SolutionProperties) = preSolution
		HideSolutionNode = FALSE
	EndGlobalSection
EndGlobal
